
Microsoft Visual Studio Solution File, Format Version 12.00
# Visual Studio Version 17
VisualStudioVersion = 17.0.31903.59
MinimumVisualStudioVersion = 10.0.40219.1
Project("{2150E333-8FDC-42A3-9474-1A3956D46DE8}") = "src", "src", "{827E0CD3-B72D-47B6-A68D-7590B98EB39B}"
EndProject
Project("{FAE04EC0-301F-11D3-BF4B-00C04F79EFBC}") = "SuperSimpleBlazorModal", "src\SuperSimpleBlazorModal\SuperSimpleBlazorModal.csproj", "{02481D07-3C3F-4F04-94EF-F9CA84FEF642}"
EndProject
Project("{2150E333-8FDC-42A3-9474-1A3956D46DE8}") = "tester", "tester", "{15FFA8E7-DF0B-7AE9-1E07-2369D69EEB9B}"
EndProject
Project("{2150E333-8FDC-42A3-9474-1A3956D46DE8}") = "net9", "net9", "{120F5DF1-3985-6E25-F58A-D1BF9DC20EEE}"
EndProject
Project("{FAE04EC0-301F-11D3-BF4B-00C04F79EFBC}") = "SuperSimpleBlazorModal.Tester", "tester\SuperSimpleBlazorModal.Tester\SuperSimpleBlazorModal.Tester\SuperSimpleBlazorModal.Tester.csproj", "{080E3299-1B14-444F-A81D-523A37F50CD4}"
EndProject
Project("{FAE04EC0-301F-11D3-BF4B-00C04F79EFBC}") = "SuperSimpleBlazorModal.Tester.Client", "tester\SuperSimpleBlazorModal.Tester\SuperSimpleBlazorModal.Tester.Client\SuperSimpleBlazorModal.Tester.Client.csproj", "{67B0A782-A178-4B7F-846C-F1083EEF0E63}"
EndProject
Global
	GlobalSection(SolutionConfigurationPlatforms) = preSolution
		Debug|Any CPU = Debug|Any CPU
		Release|Any CPU = Release|Any CPU
	EndGlobalSection
	GlobalSection(ProjectConfigurationPlatforms) = postSolution
		{02481D07-3C3F-4F04-94EF-F9CA84FEF642}.Debug|Any CPU.ActiveCfg = Debug|Any CPU
		{02481D07-3C3F-4F04-94EF-F9CA84FEF642}.Debug|Any CPU.Build.0 = Debug|Any CPU
		{02481D07-3C3F-4F04-94EF-F9CA84FEF642}.Release|Any CPU.ActiveCfg = Release|Any CPU
		{02481D07-3C3F-4F04-94EF-F9CA84FEF642}.Release|Any CPU.Build.0 = Release|Any CPU
		{080E3299-1B14-444F-A81D-523A37F50CD4}.Debug|Any CPU.ActiveCfg = Debug|Any CPU
		{080E3299-1B14-444F-A81D-523A37F50CD4}.Debug|Any CPU.Build.0 = Debug|Any CPU
		{080E3299-1B14-444F-A81D-523A37F50CD4}.Release|Any CPU.ActiveCfg = Release|Any CPU
		{080E3299-1B14-444F-A81D-523A37F50CD4}.Release|Any CPU.Build.0 = Release|Any CPU
		{67B0A782-A178-4B7F-846C-F1083EEF0E63}.Debug|Any CPU.ActiveCfg = Debug|Any CPU
		{67B0A782-A178-4B7F-846C-F1083EEF0E63}.Debug|Any CPU.Build.0 = Debug|Any CPU
		{67B0A782-A178-4B7F-846C-F1083EEF0E63}.Release|Any CPU.ActiveCfg = Release|Any CPU
		{67B0A782-A178-4B7F-846C-F1083EEF0E63}.Release|Any CPU.Build.0 = Release|Any CPU
	EndGlobalSection
	GlobalSection(SolutionProperties) = preSolution
		HideSolutionNode = FALSE
	EndGlobalSection
	GlobalSection(NestedProjects) = preSolution
		{02481D07-3C3F-4F04-94EF-F9CA84FEF642} = {827E0CD3-B72D-47B6-A68D-7590B98EB39B}
		{120F5DF1-3985-6E25-F58A-D1BF9DC20EEE} = {15FFA8E7-DF0B-7AE9-1E07-2369D69EEB9B}
		{080E3299-1B14-444F-A81D-523A37F50CD4} = {120F5DF1-3985-6E25-F58A-D1BF9DC20EEE}
		{67B0A782-A178-4B7F-846C-F1083EEF0E63} = {120F5DF1-3985-6E25-F58A-D1BF9DC20EEE}
	EndGlobalSection
EndGlobal
